
Microsoft Visual Studio Solution File, Format Version 12.00
# Visual Studio 2013
VisualStudioVersion = 12.0.21005.1
MinimumVisualStudioVersion = 10.0.40219.1
Project("{D2ABAB84-BF74-430A-B69E-9DC6D40DDA17}") = "AS_NW_DM", "AS_NW_DM\AS_NW_DM.dwproj", "{F0C99659-1A75-4F15-87C8-76EB6761A565}"
EndProject
Global
	GlobalSection(SolutionConfigurationPlatforms) = preSolution
		Development|Default = Development|Default
	EndGlobalSection
	GlobalSection(ProjectConfigurationPlatforms) = postSolution
		{F0C99659-1A75-4F15-87C8-76EB6761A565}.Development|Default.ActiveCfg = Development
		{F0C99659-1A75-4F15-87C8-76EB6761A565}.Development|Default.Build.0 = Development
		{F0C99659-1A75-4F15-87C8-76EB6761A565}.Development|Default.Deploy.0 = Development
	EndGlobalSection
	GlobalSection(SolutionProperties) = preSolution
		HideSolutionNode = FALSE
	EndGlobalSection
EndGlobal
