
Microsoft Visual Studio Solution File, Format Version 12.00
# Visual Studio 2013
VisualStudioVersion = 12.0.21005.1
MinimumVisualStudioVersion = 10.0.40219.1
Project("{159641D6-6404-4A2A-AE62-294DE0FE8301}") = "S06_Carga_datos_30_11_20", "S06_Carga_datos_30_11_20\S06_Carga_datos_30_11_20.dtproj", "{7ACB737D-F0FE-4196-9D2D-467C339AC8F6}"
EndProject
Global
	GlobalSection(SolutionConfigurationPlatforms) = preSolution
		Development|Default = Development|Default
	EndGlobalSection
	GlobalSection(ProjectConfigurationPlatforms) = postSolution
		{7ACB737D-F0FE-4196-9D2D-467C339AC8F6}.Development|Default.ActiveCfg = Development
		{7ACB737D-F0FE-4196-9D2D-467C339AC8F6}.Development|Default.Build.0 = Development
	EndGlobalSection
	GlobalSection(SolutionProperties) = preSolution
		HideSolutionNode = FALSE
	EndGlobalSection
EndGlobal
